# This file is automatically @generated by tinymist.
# It is not intended for manual editing.
version = "0.1.0-beta0"

[[document]]
id = "file:typst/CV_DorianBoully.typ"
inputs = []
main = "file:typst/CV_DorianBoully.typ"
root = "file:."
system-fonts = true

[[route]]
id = "file:typst/CV_DorianBoully.typ"
priority = 256

[[task]]
document = "file:typst/CV_DorianBoully.typ"
id = "file:typst/CV_DorianBoully.typ"
output = "$root/$dir/$name"
type = "export-pdf"
when = "onSave"
